// !$*UTF8*$!
{
	archiveVersion = 1;
	classes = {
	};
	objectVersion = 46;
	objects = {

/* Begin PBXBuildFile section */
		0832931C18098B690012C3A5 /* EyeEmNetworkService.m in Sources */ = {isa = PBXBuildFile; fileRef = 0832931B18098B690012C3A5 /* EyeEmNetworkService.m */; };
		0832931F18098BA10012C3A5 /* Photo.m in Sources */ = {isa = PBXBuildFile; fileRef = 0832931E18098BA10012C3A5 /* Photo.m */; };
		0832932118098BDC0012C3A5 /* CoreLocation.framework in Frameworks */ = {isa = PBXBuildFile; fileRef = 0832932018098BDB0012C3A5 /* CoreLocation.framework */; };
		08329324180992C90012C3A5 /* PhotoGalleryViewController.m in Sources */ = {isa = PBXBuildFile; fileRef = 08329323180992C90012C3A5 /* PhotoGalleryViewController.m */; };
		083293281809932A0012C3A5 /* ImageCell.m in Sources */ = {isa = PBXBuildFile; fileRef = 083293271809932A0012C3A5 /* ImageCell.m */; };
		0832932B180993DA0012C3A5 /* StoryboardUtil.m in Sources */ = {isa = PBXBuildFile; fileRef = 08329329180993DA0012C3A5 /* StoryboardUtil.m */; };
		0832932F180997BB0012C3A5 /* LoadingView.xib in Resources */ = {isa = PBXBuildFile; fileRef = 0832932D180997BA0012C3A5 /* LoadingView.xib */; };
		08329330180997BB0012C3A5 /* LoadingView.m in Sources */ = {isa = PBXBuildFile; fileRef = 0832932E180997BB0012C3A5 /* LoadingView.m */; };
		083293991809BD1B0012C3A5 /* AFHTTPClient.m in Sources */ = {isa = PBXBuildFile; fileRef = 083293851809BD1B0012C3A5 /* AFHTTPClient.m */; settings = {COMPILER_FLAGS = "-fno-objc-arc"; }; };
		0832939A1809BD1B0012C3A5 /* AFHTTPRequestOperation.m in Sources */ = {isa = PBXBuildFile; fileRef = 083293871809BD1B0012C3A5 /* AFHTTPRequestOperation.m */; settings = {COMPILER_FLAGS = "-fno-objc-arc"; }; };
		0832939B1809BD1B0012C3A5 /* AFImageRequestOperation.m in Sources */ = {isa = PBXBuildFile; fileRef = 083293891809BD1B0012C3A5 /* AFImageRequestOperation.m */; settings = {COMPILER_FLAGS = "-fno-objc-arc"; }; };
		0832939C1809BD1B0012C3A5 /* AFJSONRequestOperation.m in Sources */ = {isa = PBXBuildFile; fileRef = 0832938B1809BD1B0012C3A5 /* AFJSONRequestOperation.m */; settings = {COMPILER_FLAGS = "-fno-objc-arc"; }; };
		0832939D1809BD1B0012C3A5 /* AFJSONUtilities.m in Sources */ = {isa = PBXBuildFile; fileRef = 0832938D1809BD1B0012C3A5 /* AFJSONUtilities.m */; settings = {COMPILER_FLAGS = "-fno-objc-arc"; }; };
		0832939E1809BD1B0012C3A5 /* AFNetworkActivityIndicatorManager.m in Sources */ = {isa = PBXBuildFile; fileRef = 0832938F1809BD1B0012C3A5 /* AFNetworkActivityIndicatorManager.m */; settings = {COMPILER_FLAGS = "-fno-objc-arc"; }; };
		0832939F1809BD1B0012C3A5 /* AFPropertyListRequestOperation.m in Sources */ = {isa = PBXBuildFile; fileRef = 083293921809BD1B0012C3A5 /* AFPropertyListRequestOperation.m */; settings = {COMPILER_FLAGS = "-fno-objc-arc"; }; };
		083293A01809BD1B0012C3A5 /* AFURLConnectionOperation.m in Sources */ = {isa = PBXBuildFile; fileRef = 083293941809BD1B0012C3A5 /* AFURLConnectionOperation.m */; settings = {COMPILER_FLAGS = "-fno-objc-arc"; }; };
		083293A11809BD1B0012C3A5 /* AFXMLRequestOperation.m in Sources */ = {isa = PBXBuildFile; fileRef = 083293961809BD1B0012C3A5 /* AFXMLRequestOperation.m */; settings = {COMPILER_FLAGS = "-fno-objc-arc"; }; };
		083293A21809BD1B0012C3A5 /* UIImageView+AFNetworking.m in Sources */ = {isa = PBXBuildFile; fileRef = 083293981809BD1B0012C3A5 /* UIImageView+AFNetworking.m */; settings = {COMPILER_FLAGS = "-fno-objc-arc"; }; };
		083293A51809CA4E0012C3A5 /* TourViewController.m in Sources */ = {isa = PBXBuildFile; fileRef = 083293A41809CA4E0012C3A5 /* TourViewController.m */; };
		083293A91809CBD80012C3A5 /* photo_2.jpeg in Resources */ = {isa = PBXBuildFile; fileRef = 083293A71809CBD80012C3A5 /* photo_2.jpeg */; };
		083293AA1809CBD80012C3A5 /* photo_1.jpeg in Resources */ = {isa = PBXBuildFile; fileRef = 083293A81809CBD80012C3A5 /* photo_1.jpeg */; };
		083293AC1809CBFF0012C3A5 /* photo_3.jpeg in Resources */ = {isa = PBXBuildFile; fileRef = 083293AB1809CBFF0012C3A5 /* photo_3.jpeg */; };
		083293AE1809CD7D0012C3A5 /* photo_4.jpeg in Resources */ = {isa = PBXBuildFile; fileRef = 083293AD1809CD7D0012C3A5 /* photo_4.jpeg */; };
		083293B01809CE6E0012C3A5 /* eyeem_logo.png in Resources */ = {isa = PBXBuildFile; fileRef = 083293AF1809CE6E0012C3A5 /* eyeem_logo.png */; };
		083293B31809CF880012C3A5 /* LoginViewController.m in Sources */ = {isa = PBXBuildFile; fileRef = 083293B21809CF880012C3A5 /* LoginViewController.m */; };
		083293BA1809D3750012C3A5 /* Images.xcassets in Resources */ = {isa = PBXBuildFile; fileRef = 083293B91809D3750012C3A5 /* Images.xcassets */; };
		083293BD1809D60C0012C3A5 /* PhotoViewController.m in Sources */ = {isa = PBXBuildFile; fileRef = 083293BC1809D60C0012C3A5 /* PhotoViewController.m */; };
		08F991361809733A00F0B13A /* Foundation.framework in Frameworks */ = {isa = PBXBuildFile; fileRef = 08F991351809733A00F0B13A /* Foundation.framework */; };
		08F991381809733A00F0B13A /* CoreGraphics.framework in Frameworks */ = {isa = PBXBuildFile; fileRef = 08F991371809733A00F0B13A /* CoreGraphics.framework */; };
		08F9913A1809733A00F0B13A /* UIKit.framework in Frameworks */ = {isa = PBXBuildFile; fileRef = 08F991391809733A00F0B13A /* UIKit.framework */; };
		08F991401809733A00F0B13A /* InfoPlist.strings in Resources */ = {isa = PBXBuildFile; fileRef = 08F9913E1809733A00F0B13A /* InfoPlist.strings */; };
		08F991421809733A00F0B13A /* main.m in Sources */ = {isa = PBXBuildFile; fileRef = 08F991411809733A00F0B13A /* main.m */; };
		08F991461809733A00F0B13A /* AppDelegate.m in Sources */ = {isa = PBXBuildFile; fileRef = 08F991451809733A00F0B13A /* AppDelegate.m */; };
		08F991491809733A00F0B13A /* Main.storyboard in Resources */ = {isa = PBXBuildFile; fileRef = 08F991471809733A00F0B13A /* Main.storyboard */; };
		08F9914C1809733A00F0B13A /* ViewController.m in Sources */ = {isa = PBXBuildFile; fileRef = 08F9914B1809733A00F0B13A /* ViewController.m */; };
		08F991551809733B00F0B13A /* XCTest.framework in Frameworks */ = {isa = PBXBuildFile; fileRef = 08F991541809733B00F0B13A /* XCTest.framework */; };
		08F991561809733B00F0B13A /* Foundation.framework in Frameworks */ = {isa = PBXBuildFile; fileRef = 08F991351809733A00F0B13A /* Foundation.framework */; };
		08F991571809733B00F0B13A /* UIKit.framework in Frameworks */ = {isa = PBXBuildFile; fileRef = 08F991391809733A00F0B13A /* UIKit.framework */; };
		08F9915F1809733B00F0B13A /* InfoPlist.strings in Resources */ = {isa = PBXBuildFile; fileRef = 08F9915D1809733B00F0B13A /* InfoPlist.strings */; };
		08F991611809733B00F0B13A /* burn_ios_appTests.m in Sources */ = {isa = PBXBuildFile; fileRef = 08F991601809733B00F0B13A /* burn_ios_appTests.m */; };
		70F470221809BB54003B507C /* Main.storyboard in Resources */ = {isa = PBXBuildFile; fileRef = 70F4700B1809BB54003B507C /* Main.storyboard */; };
		70F470241809BB54003B507C /* caesarSalad.jpg in Resources */ = {isa = PBXBuildFile; fileRef = 70F4700F1809BB54003B507C /* caesarSalad.jpg */; };
		70F470251809BB54003B507C /* InfoPlist.strings in Resources */ = {isa = PBXBuildFile; fileRef = 70F470111809BB54003B507C /* InfoPlist.strings */; };
		70F470261809BB54003B507C /* HorizontalScroller.m in Sources */ = {isa = PBXBuildFile; fileRef = 70F470141809BB54003B507C /* HorizontalScroller.m */; };
		70F470281809BB54003B507C /* LibraryAPI.m in Sources */ = {isa = PBXBuildFile; fileRef = 70F470171809BB54003B507C /* LibraryAPI.m */; };
		70F470291809BB54003B507C /* Meal.m in Sources */ = {isa = PBXBuildFile; fileRef = 70F470191809BB54003B507C /* Meal.m */; };
		70F4702A1809BB54003B507C /* MealAlbumView.m in Sources */ = {isa = PBXBuildFile; fileRef = 70F4701B1809BB54003B507C /* MealAlbumView.m */; };
		70F4702B1809BB54003B507C /* pasta.jpeg in Resources */ = {isa = PBXBuildFile; fileRef = 70F4701C1809BB54003B507C /* pasta.jpeg */; };
		70F4702C1809BB54003B507C /* PersistencyManager.m in Sources */ = {isa = PBXBuildFile; fileRef = 70F4701E1809BB54003B507C /* PersistencyManager.m */; };
		70F4702D1809BB54003B507C /* pizzaSlice.jpg in Resources */ = {isa = PBXBuildFile; fileRef = 70F4701F1809BB54003B507C /* pizzaSlice.jpg */; };
		70F4702E1809BB54003B507C /* sandwich.jpg in Resources */ = {isa = PBXBuildFile; fileRef = 70F470201809BB54003B507C /* sandwich.jpg */; };
		70F4702F1809BB54003B507C /* soup.jpg in Resources */ = {isa = PBXBuildFile; fileRef = 70F470211809BB54003B507C /* soup.jpg */; };
		70F470321809BBB4003B507C /* Meal+TableRepresentation.m in Sources */ = {isa = PBXBuildFile; fileRef = 70F470311809BBB4003B507C /* Meal+TableRepresentation.m */; };
/* End PBXBuildFile section */

/* Begin PBXContainerItemProxy section */
		08F991581809733B00F0B13A /* PBXContainerItemProxy */ = {
			isa = PBXContainerItemProxy;
			containerPortal = 08F9912A1809733A00F0B13A /* Project object */;
			proxyType = 1;
			remoteGlobalIDString = 08F991311809733A00F0B13A;
			remoteInfo = "burn-ios-app";
		};
/* End PBXContainerItemProxy section */

/* Begin PBXFileReference section */
		0832931A18098B690012C3A5 /* EyeEmNetworkService.h */ = {isa = PBXFileReference; fileEncoding = 4; lastKnownFileType = sourcecode.c.h; path = EyeEmNetworkService.h; sourceTree = "<group>"; };
		0832931B18098B690012C3A5 /* EyeEmNetworkService.m */ = {isa = PBXFileReference; fileEncoding = 4; lastKnownFileType = sourcecode.c.objc; path = EyeEmNetworkService.m; sourceTree = "<group>"; };
		0832931D18098BA10012C3A5 /* Photo.h */ = {isa = PBXFileReference; fileEncoding = 4; lastKnownFileType = sourcecode.c.h; path = Photo.h; sourceTree = "<group>"; };
		0832931E18098BA10012C3A5 /* Photo.m */ = {isa = PBXFileReference; fileEncoding = 4; lastKnownFileType = sourcecode.c.objc; path = Photo.m; sourceTree = "<group>"; };
		0832932018098BDB0012C3A5 /* CoreLocation.framework */ = {isa = PBXFileReference; lastKnownFileType = wrapper.framework; name = CoreLocation.framework; path = System/Library/Frameworks/CoreLocation.framework; sourceTree = SDKROOT; };
		08329322180992C90012C3A5 /* PhotoGalleryViewController.h */ = {isa = PBXFileReference; fileEncoding = 4; lastKnownFileType = sourcecode.c.h; path = PhotoGalleryViewController.h; sourceTree = "<group>"; };
		08329323180992C90012C3A5 /* PhotoGalleryViewController.m */ = {isa = PBXFileReference; fileEncoding = 4; lastKnownFileType = sourcecode.c.objc; path = PhotoGalleryViewController.m; sourceTree = "<group>"; };
		083293261809931A0012C3A5 /* ImageCell.h */ = {isa = PBXFileReference; fileEncoding = 4; lastKnownFileType = sourcecode.c.h; path = ImageCell.h; sourceTree = "<group>"; };
		083293271809932A0012C3A5 /* ImageCell.m */ = {isa = PBXFileReference; fileEncoding = 4; lastKnownFileType = sourcecode.c.objc; path = ImageCell.m; sourceTree = "<group>"; };
		08329329180993DA0012C3A5 /* StoryboardUtil.m */ = {isa = PBXFileReference; fileEncoding = 4; lastKnownFileType = sourcecode.c.objc; path = StoryboardUtil.m; sourceTree = "<group>"; };
		0832932A180993DA0012C3A5 /* StoryboardUtil.h */ = {isa = PBXFileReference; fileEncoding = 4; lastKnownFileType = sourcecode.c.h; path = StoryboardUtil.h; sourceTree = "<group>"; };
		0832932C180997BA0012C3A5 /* LoadingView.h */ = {isa = PBXFileReference; fileEncoding = 4; lastKnownFileType = sourcecode.c.h; path = LoadingView.h; sourceTree = "<group>"; };
		0832932D180997BA0012C3A5 /* LoadingView.xib */ = {isa = PBXFileReference; fileEncoding = 4; lastKnownFileType = file.xib; path = LoadingView.xib; sourceTree = "<group>"; };
		0832932E180997BB0012C3A5 /* LoadingView.m */ = {isa = PBXFileReference; fileEncoding = 4; lastKnownFileType = sourcecode.c.objc; path = LoadingView.m; sourceTree = "<group>"; };
		083293821809BCC20012C3A5 /* JTSingleton.h */ = {isa = PBXFileReference; fileEncoding = 4; lastKnownFileType = sourcecode.c.h; path = JTSingleton.h; sourceTree = "<group>"; };
		083293841809BD1B0012C3A5 /* AFHTTPClient.h */ = {isa = PBXFileReference; fileEncoding = 4; lastKnownFileType = sourcecode.c.h; path = AFHTTPClient.h; sourceTree = "<group>"; };
		083293851809BD1B0012C3A5 /* AFHTTPClient.m */ = {isa = PBXFileReference; fileEncoding = 4; lastKnownFileType = sourcecode.c.objc; path = AFHTTPClient.m; sourceTree = "<group>"; };
		083293861809BD1B0012C3A5 /* AFHTTPRequestOperation.h */ = {isa = PBXFileReference; fileEncoding = 4; lastKnownFileType = sourcecode.c.h; path = AFHTTPRequestOperation.h; sourceTree = "<group>"; };
		083293871809BD1B0012C3A5 /* AFHTTPRequestOperation.m */ = {isa = PBXFileReference; fileEncoding = 4; lastKnownFileType = sourcecode.c.objc; path = AFHTTPRequestOperation.m; sourceTree = "<group>"; };
		083293881809BD1B0012C3A5 /* AFImageRequestOperation.h */ = {isa = PBXFileReference; fileEncoding = 4; lastKnownFileType = sourcecode.c.h; path = AFImageRequestOperation.h; sourceTree = "<group>"; };
		083293891809BD1B0012C3A5 /* AFImageRequestOperation.m */ = {isa = PBXFileReference; fileEncoding = 4; lastKnownFileType = sourcecode.c.objc; path = AFImageRequestOperation.m; sourceTree = "<group>"; };
		0832938A1809BD1B0012C3A5 /* AFJSONRequestOperation.h */ = {isa = PBXFileReference; fileEncoding = 4; lastKnownFileType = sourcecode.c.h; path = AFJSONRequestOperation.h; sourceTree = "<group>"; };
		0832938B1809BD1B0012C3A5 /* AFJSONRequestOperation.m */ = {isa = PBXFileReference; fileEncoding = 4; lastKnownFileType = sourcecode.c.objc; path = AFJSONRequestOperation.m; sourceTree = "<group>"; };
		0832938C1809BD1B0012C3A5 /* AFJSONUtilities.h */ = {isa = PBXFileReference; fileEncoding = 4; lastKnownFileType = sourcecode.c.h; path = AFJSONUtilities.h; sourceTree = "<group>"; };
		0832938D1809BD1B0012C3A5 /* AFJSONUtilities.m */ = {isa = PBXFileReference; fileEncoding = 4; lastKnownFileType = sourcecode.c.objc; path = AFJSONUtilities.m; sourceTree = "<group>"; };
		0832938E1809BD1B0012C3A5 /* AFNetworkActivityIndicatorManager.h */ = {isa = PBXFileReference; fileEncoding = 4; lastKnownFileType = sourcecode.c.h; path = AFNetworkActivityIndicatorManager.h; sourceTree = "<group>"; };
		0832938F1809BD1B0012C3A5 /* AFNetworkActivityIndicatorManager.m */ = {isa = PBXFileReference; fileEncoding = 4; lastKnownFileType = sourcecode.c.objc; path = AFNetworkActivityIndicatorManager.m; sourceTree = "<group>"; };
		083293901809BD1B0012C3A5 /* AFNetworking.h */ = {isa = PBXFileReference; fileEncoding = 4; lastKnownFileType = sourcecode.c.h; path = AFNetworking.h; sourceTree = "<group>"; };
		083293911809BD1B0012C3A5 /* AFPropertyListRequestOperation.h */ = {isa = PBXFileReference; fileEncoding = 4; lastKnownFileType = sourcecode.c.h; path = AFPropertyListRequestOperation.h; sourceTree = "<group>"; };
		083293921809BD1B0012C3A5 /* AFPropertyListRequestOperation.m */ = {isa = PBXFileReference; fileEncoding = 4; lastKnownFileType = sourcecode.c.objc; path = AFPropertyListRequestOperation.m; sourceTree = "<group>"; };
		083293931809BD1B0012C3A5 /* AFURLConnectionOperation.h */ = {isa = PBXFileReference; fileEncoding = 4; lastKnownFileType = sourcecode.c.h; path = AFURLConnectionOperation.h; sourceTree = "<group>"; };
		083293941809BD1B0012C3A5 /* AFURLConnectionOperation.m */ = {isa = PBXFileReference; fileEncoding = 4; lastKnownFileType = sourcecode.c.objc; path = AFURLConnectionOperation.m; sourceTree = "<group>"; };
		083293951809BD1B0012C3A5 /* AFXMLRequestOperation.h */ = {isa = PBXFileReference; fileEncoding = 4; lastKnownFileType = sourcecode.c.h; path = AFXMLRequestOperation.h; sourceTree = "<group>"; };
		083293961809BD1B0012C3A5 /* AFXMLRequestOperation.m */ = {isa = PBXFileReference; fileEncoding = 4; lastKnownFileType = sourcecode.c.objc; path = AFXMLRequestOperation.m; sourceTree = "<group>"; };
		083293971809BD1B0012C3A5 /* UIImageView+AFNetworking.h */ = {isa = PBXFileReference; fileEncoding = 4; lastKnownFileType = sourcecode.c.h; path = "UIImageView+AFNetworking.h"; sourceTree = "<group>"; };
		083293981809BD1B0012C3A5 /* UIImageView+AFNetworking.m */ = {isa = PBXFileReference; fileEncoding = 4; lastKnownFileType = sourcecode.c.objc; path = "UIImageView+AFNetworking.m"; sourceTree = "<group>"; };
		083293A31809CA4E0012C3A5 /* TourViewController.h */ = {isa = PBXFileReference; fileEncoding = 4; lastKnownFileType = sourcecode.c.h; path = TourViewController.h; sourceTree = "<group>"; };
		083293A41809CA4E0012C3A5 /* TourViewController.m */ = {isa = PBXFileReference; fileEncoding = 4; lastKnownFileType = sourcecode.c.objc; path = TourViewController.m; sourceTree = "<group>"; };
		083293A71809CBD80012C3A5 /* photo_2.jpeg */ = {isa = PBXFileReference; lastKnownFileType = image.jpeg; path = photo_2.jpeg; sourceTree = "<group>"; };
		083293A81809CBD80012C3A5 /* photo_1.jpeg */ = {isa = PBXFileReference; lastKnownFileType = image.jpeg; path = photo_1.jpeg; sourceTree = "<group>"; };
		083293AB1809CBFF0012C3A5 /* photo_3.jpeg */ = {isa = PBXFileReference; lastKnownFileType = image.jpeg; path = photo_3.jpeg; sourceTree = "<group>"; };
		083293AD1809CD7D0012C3A5 /* photo_4.jpeg */ = {isa = PBXFileReference; lastKnownFileType = image.jpeg; path = photo_4.jpeg; sourceTree = "<group>"; };
		083293AF1809CE6E0012C3A5 /* eyeem_logo.png */ = {isa = PBXFileReference; lastKnownFileType = image.png; path = eyeem_logo.png; sourceTree = "<group>"; };
		083293B11809CF880012C3A5 /* LoginViewController.h */ = {isa = PBXFileReference; fileEncoding = 4; lastKnownFileType = sourcecode.c.h; path = LoginViewController.h; sourceTree = "<group>"; };
		083293B21809CF880012C3A5 /* LoginViewController.m */ = {isa = PBXFileReference; fileEncoding = 4; lastKnownFileType = sourcecode.c.objc; path = LoginViewController.m; sourceTree = "<group>"; };
		083293B91809D3750012C3A5 /* Images.xcassets */ = {isa = PBXFileReference; lastKnownFileType = folder.assetcatalog; path = Images.xcassets; sourceTree = "<group>"; };
		083293BB1809D60C0012C3A5 /* PhotoViewController.h */ = {isa = PBXFileReference; fileEncoding = 4; lastKnownFileType = sourcecode.c.h; path = PhotoViewController.h; sourceTree = "<group>"; };
		083293BC1809D60C0012C3A5 /* PhotoViewController.m */ = {isa = PBXFileReference; fileEncoding = 4; lastKnownFileType = sourcecode.c.objc; path = PhotoViewController.m; sourceTree = "<group>"; };
		08F991321809733A00F0B13A /* burn-ios-app.app */ = {isa = PBXFileReference; explicitFileType = wrapper.application; includeInIndex = 0; path = "burn-ios-app.app"; sourceTree = BUILT_PRODUCTS_DIR; };
		08F991351809733A00F0B13A /* Foundation.framework */ = {isa = PBXFileReference; lastKnownFileType = wrapper.framework; name = Foundation.framework; path = System/Library/Frameworks/Foundation.framework; sourceTree = SDKROOT; };
		08F991371809733A00F0B13A /* CoreGraphics.framework */ = {isa = PBXFileReference; lastKnownFileType = wrapper.framework; name = CoreGraphics.framework; path = System/Library/Frameworks/CoreGraphics.framework; sourceTree = SDKROOT; };
		08F991391809733A00F0B13A /* UIKit.framework */ = {isa = PBXFileReference; lastKnownFileType = wrapper.framework; name = UIKit.framework; path = System/Library/Frameworks/UIKit.framework; sourceTree = SDKROOT; };
		08F9913D1809733A00F0B13A /* burn-ios-app-Info.plist */ = {isa = PBXFileReference; lastKnownFileType = text.plist.xml; path = "burn-ios-app-Info.plist"; sourceTree = "<group>"; };
		08F9913F1809733A00F0B13A /* en */ = {isa = PBXFileReference; lastKnownFileType = text.plist.strings; name = en; path = en.lproj/InfoPlist.strings; sourceTree = "<group>"; };
		08F991411809733A00F0B13A /* main.m */ = {isa = PBXFileReference; lastKnownFileType = sourcecode.c.objc; path = main.m; sourceTree = "<group>"; };
		08F991431809733A00F0B13A /* burn-ios-app-Prefix.pch */ = {isa = PBXFileReference; lastKnownFileType = sourcecode.c.h; path = "burn-ios-app-Prefix.pch"; sourceTree = "<group>"; };
		08F991441809733A00F0B13A /* AppDelegate.h */ = {isa = PBXFileReference; lastKnownFileType = sourcecode.c.h; path = AppDelegate.h; sourceTree = "<group>"; };
		08F991451809733A00F0B13A /* AppDelegate.m */ = {isa = PBXFileReference; lastKnownFileType = sourcecode.c.objc; path = AppDelegate.m; sourceTree = "<group>"; };
		08F991481809733A00F0B13A /* Base */ = {isa = PBXFileReference; lastKnownFileType = file.storyboard; name = Base; path = Base.lproj/Main.storyboard; sourceTree = "<group>"; };
		08F9914A1809733A00F0B13A /* ViewController.h */ = {isa = PBXFileReference; lastKnownFileType = sourcecode.c.h; path = ViewController.h; sourceTree = "<group>"; };
		08F9914B1809733A00F0B13A /* ViewController.m */ = {isa = PBXFileReference; lastKnownFileType = sourcecode.c.objc; path = ViewController.m; sourceTree = "<group>"; };
		08F991531809733B00F0B13A /* burn-ios-appTests.xctest */ = {isa = PBXFileReference; explicitFileType = wrapper.cfbundle; includeInIndex = 0; path = "burn-ios-appTests.xctest"; sourceTree = BUILT_PRODUCTS_DIR; };
		08F991541809733B00F0B13A /* XCTest.framework */ = {isa = PBXFileReference; lastKnownFileType = wrapper.framework; name = XCTest.framework; path = Library/Frameworks/XCTest.framework; sourceTree = DEVELOPER_DIR; };
		08F9915C1809733B00F0B13A /* burn-ios-appTests-Info.plist */ = {isa = PBXFileReference; lastKnownFileType = text.plist.xml; path = "burn-ios-appTests-Info.plist"; sourceTree = "<group>"; };
		08F9915E1809733B00F0B13A /* en */ = {isa = PBXFileReference; lastKnownFileType = text.plist.strings; name = en; path = en.lproj/InfoPlist.strings; sourceTree = "<group>"; };
		08F991601809733B00F0B13A /* burn_ios_appTests.m */ = {isa = PBXFileReference; lastKnownFileType = sourcecode.c.objc; path = burn_ios_appTests.m; sourceTree = "<group>"; };
		5D1DF7B069C94817BE0FEF26 /* libPods.a */ = {isa = PBXFileReference; explicitFileType = archive.ar; includeInIndex = 0; path = libPods.a; sourceTree = BUILT_PRODUCTS_DIR; };
		70F4700C1809BB54003B507C /* Base */ = {isa = PBXFileReference; lastKnownFileType = file.storyboard; name = Base; path = Main.storyboard; sourceTree = "<group>"; };
		70F4700E1809BB54003B507C /* Base */ = {isa = PBXFileReference; lastKnownFileType = file.storyboard; name = Base; path = Main_.storyboard; sourceTree = "<group>"; };
		70F4700F1809BB54003B507C /* caesarSalad.jpg */ = {isa = PBXFileReference; lastKnownFileType = image.jpeg; path = caesarSalad.jpg; sourceTree = "<group>"; };
		70F470121809BB54003B507C /* en */ = {isa = PBXFileReference; lastKnownFileType = text.plist.strings; name = en; path = InfoPlist.strings; sourceTree = "<group>"; };
		70F470131809BB54003B507C /* HorizontalScroller.h */ = {isa = PBXFileReference; fileEncoding = 4; lastKnownFileType = sourcecode.c.h; path = HorizontalScroller.h; sourceTree = "<group>"; };
		70F470141809BB54003B507C /* HorizontalScroller.m */ = {isa = PBXFileReference; fileEncoding = 4; lastKnownFileType = sourcecode.c.objc; path = HorizontalScroller.m; sourceTree = "<group>"; };
		70F470161809BB54003B507C /* LibraryAPI.h */ = {isa = PBXFileReference; fileEncoding = 4; lastKnownFileType = sourcecode.c.h; path = LibraryAPI.h; sourceTree = "<group>"; };
		70F470171809BB54003B507C /* LibraryAPI.m */ = {isa = PBXFileReference; fileEncoding = 4; lastKnownFileType = sourcecode.c.objc; path = LibraryAPI.m; sourceTree = "<group>"; };
		70F470181809BB54003B507C /* Meal.h */ = {isa = PBXFileReference; fileEncoding = 4; lastKnownFileType = sourcecode.c.h; path = Meal.h; sourceTree = "<group>"; };
		70F470191809BB54003B507C /* Meal.m */ = {isa = PBXFileReference; fileEncoding = 4; lastKnownFileType = sourcecode.c.objc; path = Meal.m; sourceTree = "<group>"; };
		70F4701A1809BB54003B507C /* MealAlbumView.h */ = {isa = PBXFileReference; fileEncoding = 4; lastKnownFileType = sourcecode.c.h; path = MealAlbumView.h; sourceTree = "<group>"; };
		70F4701B1809BB54003B507C /* MealAlbumView.m */ = {isa = PBXFileReference; fileEncoding = 4; lastKnownFileType = sourcecode.c.objc; path = MealAlbumView.m; sourceTree = "<group>"; };
		70F4701C1809BB54003B507C /* pasta.jpeg */ = {isa = PBXFileReference; lastKnownFileType = image.jpeg; path = pasta.jpeg; sourceTree = "<group>"; };
		70F4701D1809BB54003B507C /* PersistencyManager.h */ = {isa = PBXFileReference; fileEncoding = 4; lastKnownFileType = sourcecode.c.h; path = PersistencyManager.h; sourceTree = "<group>"; };
		70F4701E1809BB54003B507C /* PersistencyManager.m */ = {isa = PBXFileReference; fileEncoding = 4; lastKnownFileType = sourcecode.c.objc; path = PersistencyManager.m; sourceTree = "<group>"; };
		70F4701F1809BB54003B507C /* pizzaSlice.jpg */ = {isa = PBXFileReference; lastKnownFileType = image.jpeg; path = pizzaSlice.jpg; sourceTree = "<group>"; };
		70F470201809BB54003B507C /* sandwich.jpg */ = {isa = PBXFileReference; lastKnownFileType = image.jpeg; path = sandwich.jpg; sourceTree = "<group>"; };
		70F470211809BB54003B507C /* soup.jpg */ = {isa = PBXFileReference; lastKnownFileType = image.jpeg; path = soup.jpg; sourceTree = "<group>"; };
		70F470301809BBB4003B507C /* Meal+TableRepresentation.h */ = {isa = PBXFileReference; fileEncoding = 4; lastKnownFileType = sourcecode.c.h; path = "Meal+TableRepresentation.h"; sourceTree = "<group>"; };
		70F470311809BBB4003B507C /* Meal+TableRepresentation.m */ = {isa = PBXFileReference; fileEncoding = 4; lastKnownFileType = sourcecode.c.objc; path = "Meal+TableRepresentation.m"; sourceTree = "<group>"; };
		7258041D3A8042738204AFC7 /* Pods.xcconfig */ = {isa = PBXFileReference; includeInIndex = 1; lastKnownFileType = text.xcconfig; name = Pods.xcconfig; path = Pods/Pods.xcconfig; sourceTree = "<group>"; };
/* End PBXFileReference section */

/* Begin PBXFrameworksBuildPhase section */
		08F9912F1809733A00F0B13A /* Frameworks */ = {
			isa = PBXFrameworksBuildPhase;
			buildActionMask = 2147483647;
			files = (
				0832932118098BDC0012C3A5 /* CoreLocation.framework in Frameworks */,
				08F991381809733A00F0B13A /* CoreGraphics.framework in Frameworks */,
				08F9913A1809733A00F0B13A /* UIKit.framework in Frameworks */,
				08F991361809733A00F0B13A /* Foundation.framework in Frameworks */,
			);
			runOnlyForDeploymentPostprocessing = 0;
		};
		08F991501809733B00F0B13A /* Frameworks */ = {
			isa = PBXFrameworksBuildPhase;
			buildActionMask = 2147483647;
			files = (
				08F991551809733B00F0B13A /* XCTest.framework in Frameworks */,
				08F991571809733B00F0B13A /* UIKit.framework in Frameworks */,
				08F991561809733B00F0B13A /* Foundation.framework in Frameworks */,
			);
			runOnlyForDeploymentPostprocessing = 0;
		};
/* End PBXFrameworksBuildPhase section */

/* Begin PBXGroup section */
		083293831809BD1B0012C3A5 /* AFNetworking */ = {
			isa = PBXGroup;
			children = (
				083293841809BD1B0012C3A5 /* AFHTTPClient.h */,
				083293851809BD1B0012C3A5 /* AFHTTPClient.m */,
				083293861809BD1B0012C3A5 /* AFHTTPRequestOperation.h */,
				083293871809BD1B0012C3A5 /* AFHTTPRequestOperation.m */,
				083293881809BD1B0012C3A5 /* AFImageRequestOperation.h */,
				083293891809BD1B0012C3A5 /* AFImageRequestOperation.m */,
				0832938A1809BD1B0012C3A5 /* AFJSONRequestOperation.h */,
				0832938B1809BD1B0012C3A5 /* AFJSONRequestOperation.m */,
				0832938C1809BD1B0012C3A5 /* AFJSONUtilities.h */,
				0832938D1809BD1B0012C3A5 /* AFJSONUtilities.m */,
				0832938E1809BD1B0012C3A5 /* AFNetworkActivityIndicatorManager.h */,
				0832938F1809BD1B0012C3A5 /* AFNetworkActivityIndicatorManager.m */,
				083293901809BD1B0012C3A5 /* AFNetworking.h */,
				083293911809BD1B0012C3A5 /* AFPropertyListRequestOperation.h */,
				083293921809BD1B0012C3A5 /* AFPropertyListRequestOperation.m */,
				083293931809BD1B0012C3A5 /* AFURLConnectionOperation.h */,
				083293941809BD1B0012C3A5 /* AFURLConnectionOperation.m */,
				083293951809BD1B0012C3A5 /* AFXMLRequestOperation.h */,
				083293961809BD1B0012C3A5 /* AFXMLRequestOperation.m */,
				083293971809BD1B0012C3A5 /* UIImageView+AFNetworking.h */,
				083293981809BD1B0012C3A5 /* UIImageView+AFNetworking.m */,
			);
			path = AFNetworking;
			sourceTree = "<group>";
		};
		083293A61809CBCC0012C3A5 /* Images */ = {
			isa = PBXGroup;
			children = (
				083293AF1809CE6E0012C3A5 /* eyeem_logo.png */,
				083293AD1809CD7D0012C3A5 /* photo_4.jpeg */,
				083293AB1809CBFF0012C3A5 /* photo_3.jpeg */,
				083293A71809CBD80012C3A5 /* photo_2.jpeg */,
				083293A81809CBD80012C3A5 /* photo_1.jpeg */,
			);
			name = Images;
			sourceTree = "<group>";
		};
		08F991291809733A00F0B13A = {
			isa = PBXGroup;
			children = (
				08F9913B1809733A00F0B13A /* burn-ios-app */,
				08F9915A1809733B00F0B13A /* burn-ios-appTests */,
				08F991341809733A00F0B13A /* Frameworks */,
				08F991331809733A00F0B13A /* Products */,
				7258041D3A8042738204AFC7 /* Pods.xcconfig */,
			);
			sourceTree = "<group>";
		};
		08F991331809733A00F0B13A /* Products */ = {
			isa = PBXGroup;
			children = (
				08F991321809733A00F0B13A /* burn-ios-app.app */,
				08F991531809733B00F0B13A /* burn-ios-appTests.xctest */,
			);
			name = Products;
			sourceTree = "<group>";
		};
		08F991341809733A00F0B13A /* Frameworks */ = {
			isa = PBXGroup;
			children = (
				0832932018098BDB0012C3A5 /* CoreLocation.framework */,
				08F991351809733A00F0B13A /* Foundation.framework */,
				08F991371809733A00F0B13A /* CoreGraphics.framework */,
				08F991391809733A00F0B13A /* UIKit.framework */,
				08F991541809733B00F0B13A /* XCTest.framework */,
				5D1DF7B069C94817BE0FEF26 /* libPods.a */,
			);
			name = Frameworks;
			sourceTree = "<group>";
		};
		08F9913B1809733A00F0B13A /* burn-ios-app */ = {
			isa = PBXGroup;
			children = (
				083293B91809D3750012C3A5 /* Images.xcassets */,
				083293A61809CBCC0012C3A5 /* Images */,
				083293831809BD1B0012C3A5 /* AFNetworking */,
				083293821809BCC20012C3A5 /* JTSingleton.h */,
				70F470301809BBB4003B507C /* Meal+TableRepresentation.h */,
				70F470311809BBB4003B507C /* Meal+TableRepresentation.m */,
				70F4700A1809BB54003B507C /* Base.lproj */,
				70F4700F1809BB54003B507C /* caesarSalad.jpg */,
				70F470101809BB54003B507C /* en.lproj */,
				70F470131809BB54003B507C /* HorizontalScroller.h */,
				70F470141809BB54003B507C /* HorizontalScroller.m */,
				70F470161809BB54003B507C /* LibraryAPI.h */,
				70F470171809BB54003B507C /* LibraryAPI.m */,
				70F470181809BB54003B507C /* Meal.h */,
				70F470191809BB54003B507C /* Meal.m */,
				70F4701A1809BB54003B507C /* MealAlbumView.h */,
				70F4701B1809BB54003B507C /* MealAlbumView.m */,
				70F4701C1809BB54003B507C /* pasta.jpeg */,
				70F4701D1809BB54003B507C /* PersistencyManager.h */,
				70F4701E1809BB54003B507C /* PersistencyManager.m */,
				70F4701F1809BB54003B507C /* pizzaSlice.jpg */,
				70F470201809BB54003B507C /* sandwich.jpg */,
				70F470211809BB54003B507C /* soup.jpg */,
				0832932C180997BA0012C3A5 /* LoadingView.h */,
				0832932D180997BA0012C3A5 /* LoadingView.xib */,
				0832932E180997BB0012C3A5 /* LoadingView.m */,
				08329329180993DA0012C3A5 /* StoryboardUtil.m */,
				0832932A180993DA0012C3A5 /* StoryboardUtil.h */,
				083293271809932A0012C3A5 /* ImageCell.m */,
				083293261809931A0012C3A5 /* ImageCell.h */,
				08F991441809733A00F0B13A /* AppDelegate.h */,
				08F991451809733A00F0B13A /* AppDelegate.m */,
				08F991471809733A00F0B13A /* Main.storyboard */,
				08F9914A1809733A00F0B13A /* ViewController.h */,
				08F9914B1809733A00F0B13A /* ViewController.m */,
				08F9913C1809733A00F0B13A /* Supporting Files */,
				0832931A18098B690012C3A5 /* EyeEmNetworkService.h */,
				0832931B18098B690012C3A5 /* EyeEmNetworkService.m */,
				0832931D18098BA10012C3A5 /* Photo.h */,
				0832931E18098BA10012C3A5 /* Photo.m */,
				08329322180992C90012C3A5 /* PhotoGalleryViewController.h */,
				08329323180992C90012C3A5 /* PhotoGalleryViewController.m */,
				083293A31809CA4E0012C3A5 /* TourViewController.h */,
				083293A41809CA4E0012C3A5 /* TourViewController.m */,
				083293B11809CF880012C3A5 /* LoginViewController.h */,
				083293B21809CF880012C3A5 /* LoginViewController.m */,
				083293BB1809D60C0012C3A5 /* PhotoViewController.h */,
				083293BC1809D60C0012C3A5 /* PhotoViewController.m */,
			);
			path = "burn-ios-app";
			sourceTree = "<group>";
		};
		08F9913C1809733A00F0B13A /* Supporting Files */ = {
			isa = PBXGroup;
			children = (
				08F9913D1809733A00F0B13A /* burn-ios-app-Info.plist */,
				08F9913E1809733A00F0B13A /* InfoPlist.strings */,
				08F991411809733A00F0B13A /* main.m */,
				08F991431809733A00F0B13A /* burn-ios-app-Prefix.pch */,
			);
			name = "Supporting Files";
			sourceTree = "<group>";
		};
		08F9915A1809733B00F0B13A /* burn-ios-appTests */ = {
			isa = PBXGroup;
			children = (
				08F991601809733B00F0B13A /* burn_ios_appTests.m */,
				08F9915B1809733B00F0B13A /* Supporting Files */,
			);
			path = "burn-ios-appTests";
			sourceTree = "<group>";
		};
		08F9915B1809733B00F0B13A /* Supporting Files */ = {
			isa = PBXGroup;
			children = (
				08F9915C1809733B00F0B13A /* burn-ios-appTests-Info.plist */,
				08F9915D1809733B00F0B13A /* InfoPlist.strings */,
			);
			name = "Supporting Files";
			sourceTree = "<group>";
		};
		70F4700A1809BB54003B507C /* Base.lproj */ = {
			isa = PBXGroup;
			children = (
				70F4700B1809BB54003B507C /* Main.storyboard */,
				70F4700D1809BB54003B507C /* Main_.storyboard */,
			);
			path = Base.lproj;
			sourceTree = "<group>";
		};
		70F470101809BB54003B507C /* en.lproj */ = {
			isa = PBXGroup;
			children = (
				70F470111809BB54003B507C /* InfoPlist.strings */,
			);
			path = en.lproj;
			sourceTree = "<group>";
		};
/* End PBXGroup section */

/* Begin PBXNativeTarget section */
		08F991311809733A00F0B13A /* burn-ios-app */ = {
			isa = PBXNativeTarget;
			buildConfigurationList = 08F991641809733B00F0B13A /* Build configuration list for PBXNativeTarget "burn-ios-app" */;
			buildPhases = (
				5484D8E4720E466E9A3E7A6F /* Check Pods Manifest.lock */,
				08F9912E1809733A00F0B13A /* Sources */,
				08F9912F1809733A00F0B13A /* Frameworks */,
				08F991301809733A00F0B13A /* Resources */,
				EA2899A81BF340E7808425D6 /* Copy Pods Resources */,
			);
			buildRules = (
			);
			dependencies = (
			);
			name = "burn-ios-app";
			productName = "burn-ios-app";
			productReference = 08F991321809733A00F0B13A /* burn-ios-app.app */;
			productType = "com.apple.product-type.application";
		};
		08F991521809733B00F0B13A /* burn-ios-appTests */ = {
			isa = PBXNativeTarget;
			buildConfigurationList = 08F991671809733B00F0B13A /* Build configuration list for PBXNativeTarget "burn-ios-appTests" */;
			buildPhases = (
				08F9914F1809733B00F0B13A /* Sources */,
				08F991501809733B00F0B13A /* Frameworks */,
				08F991511809733B00F0B13A /* Resources */,
			);
			buildRules = (
			);
			dependencies = (
				08F991591809733B00F0B13A /* PBXTargetDependency */,
			);
			name = "burn-ios-appTests";
			productName = "burn-ios-appTests";
			productReference = 08F991531809733B00F0B13A /* burn-ios-appTests.xctest */;
			productType = "com.apple.product-type.bundle.unit-test";
		};
/* End PBXNativeTarget section */

/* Begin PBXProject section */
		08F9912A1809733A00F0B13A /* Project object */ = {
			isa = PBXProject;
			attributes = {
				LastUpgradeCheck = 0500;
				ORGANIZATIONNAME = burn;
				TargetAttributes = {
					08F991521809733B00F0B13A = {
						TestTargetID = 08F991311809733A00F0B13A;
					};
				};
			};
			buildConfigurationList = 08F9912D1809733A00F0B13A /* Build configuration list for PBXProject "burn-ios-app" */;
			compatibilityVersion = "Xcode 3.2";
			developmentRegion = English;
			hasScannedForEncodings = 0;
			knownRegions = (
				en,
				Base,
			);
			mainGroup = 08F991291809733A00F0B13A;
			productRefGroup = 08F991331809733A00F0B13A /* Products */;
			projectDirPath = "";
			projectRoot = "";
			targets = (
				08F991311809733A00F0B13A /* burn-ios-app */,
				08F991521809733B00F0B13A /* burn-ios-appTests */,
			);
		};
/* End PBXProject section */

/* Begin PBXResourcesBuildPhase section */
		08F991301809733A00F0B13A /* Resources */ = {
			isa = PBXResourcesBuildPhase;
			buildActionMask = 2147483647;
			files = (
				70F4702E1809BB54003B507C /* sandwich.jpg in Resources */,
				083293BA1809D3750012C3A5 /* Images.xcassets in Resources */,
				70F4702D1809BB54003B507C /* pizzaSlice.jpg in Resources */,
				083293AA1809CBD80012C3A5 /* photo_1.jpeg in Resources */,
				70F470251809BB54003B507C /* InfoPlist.strings in Resources */,
				083293A91809CBD80012C3A5 /* photo_2.jpeg in Resources */,
				083293AC1809CBFF0012C3A5 /* photo_3.jpeg in Resources */,
				70F4702F1809BB54003B507C /* soup.jpg in Resources */,
				083293B01809CE6E0012C3A5 /* eyeem_logo.png in Resources */,
				70F470221809BB54003B507C /* Main.storyboard in Resources */,
				0832932F180997BB0012C3A5 /* LoadingView.xib in Resources */,
				70F4702B1809BB54003B507C /* pasta.jpeg in Resources */,
				08F991401809733A00F0B13A /* InfoPlist.strings in Resources */,
				083293AE1809CD7D0012C3A5 /* photo_4.jpeg in Resources */,
				08F991491809733A00F0B13A /* Main.storyboard in Resources */,
				70F470241809BB54003B507C /* caesarSalad.jpg in Resources */,
			);
			runOnlyForDeploymentPostprocessing = 0;
		};
		08F991511809733B00F0B13A /* Resources */ = {
			isa = PBXResourcesBuildPhase;
			buildActionMask = 2147483647;
			files = (
				08F9915F1809733B00F0B13A /* InfoPlist.strings in Resources */,
			);
			runOnlyForDeploymentPostprocessing = 0;
		};
/* End PBXResourcesBuildPhase section */

/* Begin PBXShellScriptBuildPhase section */
		5484D8E4720E466E9A3E7A6F /* Check Pods Manifest.lock */ = {
			isa = PBXShellScriptBuildPhase;
			buildActionMask = 2147483647;
			files = (
			);
			inputPaths = (
			);
			name = "Check Pods Manifest.lock";
			outputPaths = (
			);
			runOnlyForDeploymentPostprocessing = 0;
			shellPath = /bin/sh;
			shellScript = "diff \"${PODS_ROOT}/../Podfile.lock\" \"${PODS_ROOT}/Manifest.lock\" > /dev/null\nif [[ $? != 0 ]] ; then\n    cat << EOM\nerror: The sandbox is not in sync with the Podfile.lock. Run 'pod install' or update your CocoaPods installation.\nEOM\n    exit 1\nfi\n";
			showEnvVarsInLog = 0;
		};
		EA2899A81BF340E7808425D6 /* Copy Pods Resources */ = {
			isa = PBXShellScriptBuildPhase;
			buildActionMask = 2147483647;
			files = (
			);
			inputPaths = (
			);
			name = "Copy Pods Resources";
			outputPaths = (
			);
			runOnlyForDeploymentPostprocessing = 0;
			shellPath = /bin/sh;
			shellScript = "\"${SRCROOT}/Pods/Pods-resources.sh\"\n";
			showEnvVarsInLog = 0;
		};
/* End PBXShellScriptBuildPhase section */

/* Begin PBXSourcesBuildPhase section */
		08F9912E1809733A00F0B13A /* Sources */ = {
			isa = PBXSourcesBuildPhase;
			buildActionMask = 2147483647;
			files = (
				083293A51809CA4E0012C3A5 /* TourViewController.m in Sources */,
				0832931C18098B690012C3A5 /* EyeEmNetworkService.m in Sources */,
				70F470281809BB54003B507C /* LibraryAPI.m in Sources */,
				08F9914C1809733A00F0B13A /* ViewController.m in Sources */,
				0832939C1809BD1B0012C3A5 /* AFJSONRequestOperation.m in Sources */,
				083293B31809CF880012C3A5 /* LoginViewController.m in Sources */,
				083293A11809BD1B0012C3A5 /* AFXMLRequestOperation.m in Sources */,
				0832932B180993DA0012C3A5 /* StoryboardUtil.m in Sources */,
				0832939E1809BD1B0012C3A5 /* AFNetworkActivityIndicatorManager.m in Sources */,
				0832939D1809BD1B0012C3A5 /* AFJSONUtilities.m in Sources */,
				70F470291809BB54003B507C /* Meal.m in Sources */,
				0832939F1809BD1B0012C3A5 /* AFPropertyListRequestOperation.m in Sources */,
				08329324180992C90012C3A5 /* PhotoGalleryViewController.m in Sources */,
				083293BD1809D60C0012C3A5 /* PhotoViewController.m in Sources */,
				083293A21809BD1B0012C3A5 /* UIImageView+AFNetworking.m in Sources */,
				0832939B1809BD1B0012C3A5 /* AFImageRequestOperation.m in Sources */,
				70F470321809BBB4003B507C /* Meal+TableRepresentation.m in Sources */,
				083293281809932A0012C3A5 /* ImageCell.m in Sources */,
				083293A01809BD1B0012C3A5 /* AFURLConnectionOperation.m in Sources */,
				70F470261809BB54003B507C /* HorizontalScroller.m in Sources */,
				08F991461809733A00F0B13A /* AppDelegate.m in Sources */,
				0832931F18098BA10012C3A5 /* Photo.m in Sources */,
				70F4702A1809BB54003B507C /* MealAlbumView.m in Sources */,
				08329330180997BB0012C3A5 /* LoadingView.m in Sources */,
				08F991421809733A00F0B13A /* main.m in Sources */,
				70F4702C1809BB54003B507C /* PersistencyManager.m in Sources */,
				0832939A1809BD1B0012C3A5 /* AFHTTPRequestOperation.m in Sources */,
				083293991809BD1B0012C3A5 /* AFHTTPClient.m in Sources */,
			);
			runOnlyForDeploymentPostprocessing = 0;
		};
		08F9914F1809733B00F0B13A /* Sources */ = {
			isa = PBXSourcesBuildPhase;
			buildActionMask = 2147483647;
			files = (
				08F991611809733B00F0B13A /* burn_ios_appTests.m in Sources */,
			);
			runOnlyForDeploymentPostprocessing = 0;
		};
/* End PBXSourcesBuildPhase section */

/* Begin PBXTargetDependency section */
		08F991591809733B00F0B13A /* PBXTargetDependency */ = {
			isa = PBXTargetDependency;
			target = 08F991311809733A00F0B13A /* burn-ios-app */;
			targetProxy = 08F991581809733B00F0B13A /* PBXContainerItemProxy */;
		};
/* End PBXTargetDependency section */

/* Begin PBXVariantGroup section */
		08F9913E1809733A00F0B13A /* InfoPlist.strings */ = {
			isa = PBXVariantGroup;
			children = (
				08F9913F1809733A00F0B13A /* en */,
			);
			name = InfoPlist.strings;
			sourceTree = "<group>";
		};
		08F991471809733A00F0B13A /* Main.storyboard */ = {
			isa = PBXVariantGroup;
			children = (
				08F991481809733A00F0B13A /* Base */,
			);
			name = Main.storyboard;
			sourceTree = "<group>";
		};
		08F9915D1809733B00F0B13A /* InfoPlist.strings */ = {
			isa = PBXVariantGroup;
			children = (
				08F9915E1809733B00F0B13A /* en */,
			);
			name = InfoPlist.strings;
			sourceTree = "<group>";
		};
		70F4700B1809BB54003B507C /* Main.storyboard */ = {
			isa = PBXVariantGroup;
			children = (
				70F4700C1809BB54003B507C /* Base */,
			);
			name = Main.storyboard;
			sourceTree = "<group>";
		};
		70F4700D1809BB54003B507C /* Main_.storyboard */ = {
			isa = PBXVariantGroup;
			children = (
				70F4700E1809BB54003B507C /* Base */,
			);
			name = Main_.storyboard;
			sourceTree = "<group>";
		};
		70F470111809BB54003B507C /* InfoPlist.strings */ = {
			isa = PBXVariantGroup;
			children = (
				70F470121809BB54003B507C /* en */,
			);
			name = InfoPlist.strings;
			sourceTree = "<group>";
		};
/* End PBXVariantGroup section */

/* Begin XCBuildConfiguration section */
		08F991621809733B00F0B13A /* Debug */ = {
			isa = XCBuildConfiguration;
			buildSettings = {
				ALWAYS_SEARCH_USER_PATHS = NO;
				ARCHS = "$(ARCHS_STANDARD_INCLUDING_64_BIT)";
				CLANG_CXX_LANGUAGE_STANDARD = "gnu++0x";
				CLANG_CXX_LIBRARY = "libc++";
				CLANG_ENABLE_MODULES = YES;
				CLANG_ENABLE_OBJC_ARC = YES;
				CLANG_WARN_BOOL_CONVERSION = YES;
				CLANG_WARN_CONSTANT_CONVERSION = YES;
				CLANG_WARN_DIRECT_OBJC_ISA_USAGE = YES_ERROR;
				CLANG_WARN_EMPTY_BODY = YES;
				CLANG_WARN_ENUM_CONVERSION = YES;
				CLANG_WARN_INT_CONVERSION = YES;
				CLANG_WARN_OBJC_ROOT_CLASS = YES_ERROR;
				CLANG_WARN__DUPLICATE_METHOD_MATCH = YES;
				"CODE_SIGN_IDENTITY[sdk=iphoneos*]" = "iPhone Developer";
				COPY_PHASE_STRIP = NO;
				GCC_C_LANGUAGE_STANDARD = gnu99;
				GCC_DYNAMIC_NO_PIC = NO;
				GCC_OPTIMIZATION_LEVEL = 0;
				GCC_PREPROCESSOR_DEFINITIONS = (
					"DEBUG=1",
					"$(inherited)",
				);
				GCC_SYMBOLS_PRIVATE_EXTERN = NO;
				GCC_WARN_64_TO_32_BIT_CONVERSION = YES;
				GCC_WARN_ABOUT_RETURN_TYPE = YES_ERROR;
				GCC_WARN_UNDECLARED_SELECTOR = YES;
				GCC_WARN_UNINITIALIZED_AUTOS = YES;
				GCC_WARN_UNUSED_FUNCTION = YES;
				GCC_WARN_UNUSED_VARIABLE = YES;
				IPHONEOS_DEPLOYMENT_TARGET = 7.0;
				ONLY_ACTIVE_ARCH = YES;
				SDKROOT = iphoneos;
			};
			name = Debug;
		};
		08F991631809733B00F0B13A /* Release */ = {
			isa = XCBuildConfiguration;
			buildSettings = {
				ALWAYS_SEARCH_USER_PATHS = NO;
				ARCHS = "$(ARCHS_STANDARD_INCLUDING_64_BIT)";
				CLANG_CXX_LANGUAGE_STANDARD = "gnu++0x";
				CLANG_CXX_LIBRARY = "libc++";
				CLANG_ENABLE_MODULES = YES;
				CLANG_ENABLE_OBJC_ARC = YES;
				CLANG_WARN_BOOL_CONVERSION = YES;
				CLANG_WARN_CONSTANT_CONVERSION = YES;
				CLANG_WARN_DIRECT_OBJC_ISA_USAGE = YES_ERROR;
				CLANG_WARN_EMPTY_BODY = YES;
				CLANG_WARN_ENUM_CONVERSION = YES;
				CLANG_WARN_INT_CONVERSION = YES;
				CLANG_WARN_OBJC_ROOT_CLASS = YES_ERROR;
				CLANG_WARN__DUPLICATE_METHOD_MATCH = YES;
				"CODE_SIGN_IDENTITY[sdk=iphoneos*]" = "iPhone Developer";
				COPY_PHASE_STRIP = YES;
				ENABLE_NS_ASSERTIONS = NO;
				GCC_C_LANGUAGE_STANDARD = gnu99;
				GCC_WARN_64_TO_32_BIT_CONVERSION = YES;
				GCC_WARN_ABOUT_RETURN_TYPE = YES_ERROR;
				GCC_WARN_UNDECLARED_SELECTOR = YES;
				GCC_WARN_UNINITIALIZED_AUTOS = YES;
				GCC_WARN_UNUSED_FUNCTION = YES;
				GCC_WARN_UNUSED_VARIABLE = YES;
				IPHONEOS_DEPLOYMENT_TARGET = 7.0;
				SDKROOT = iphoneos;
				VALIDATE_PRODUCT = YES;
			};
			name = Release;
		};
		08F991651809733B00F0B13A /* Debug */ = {
			isa = XCBuildConfiguration;
			baseConfigurationReference = 7258041D3A8042738204AFC7 /* Pods.xcconfig */;
			buildSettings = {
				ASSETCATALOG_COMPILER_APPICON_NAME = AppIcon;
				ASSETCATALOG_COMPILER_LAUNCHIMAGE_NAME = LaunchImage;
				GCC_PRECOMPILE_PREFIX_HEADER = YES;
				GCC_PREFIX_HEADER = "burn-ios-app/burn-ios-app-Prefix.pch";
				INFOPLIST_FILE = "burn-ios-app/burn-ios-app-Info.plist";
				PRODUCT_NAME = "$(TARGET_NAME)";
				WRAPPER_EXTENSION = app;
			};
			name = Debug;
		};
		08F991661809733B00F0B13A /* Release */ = {
			isa = XCBuildConfiguration;
			baseConfigurationReference = 7258041D3A8042738204AFC7 /* Pods.xcconfig */;
			buildSettings = {
				ASSETCATALOG_COMPILER_APPICON_NAME = AppIcon;
				ASSETCATALOG_COMPILER_LAUNCHIMAGE_NAME = LaunchImage;
				GCC_PRECOMPILE_PREFIX_HEADER = YES;
				GCC_PREFIX_HEADER = "burn-ios-app/burn-ios-app-Prefix.pch";
				INFOPLIST_FILE = "burn-ios-app/burn-ios-app-Info.plist";
				PRODUCT_NAME = "$(TARGET_NAME)";
				WRAPPER_EXTENSION = app;
			};
			name = Release;
		};
		08F991681809733B00F0B13A /* Debug */ = {
			isa = XCBuildConfiguration;
			buildSettings = {
				ARCHS = "$(ARCHS_STANDARD_INCLUDING_64_BIT)";
				BUNDLE_LOADER = "$(BUILT_PRODUCTS_DIR)/burn-ios-app.app/burn-ios-app";
				FRAMEWORK_SEARCH_PATHS = (
					"$(SDKROOT)/Developer/Library/Frameworks",
					"$(inherited)",
					"$(DEVELOPER_FRAMEWORKS_DIR)",
				);
				GCC_PRECOMPILE_PREFIX_HEADER = YES;
				GCC_PREFIX_HEADER = "burn-ios-app/burn-ios-app-Prefix.pch";
				GCC_PREPROCESSOR_DEFINITIONS = (
					"DEBUG=1",
					"$(inherited)",
				);
				INFOPLIST_FILE = "burn-ios-appTests/burn-ios-appTests-Info.plist";
				PRODUCT_NAME = "$(TARGET_NAME)";
				TEST_HOST = "$(BUNDLE_LOADER)";
				WRAPPER_EXTENSION = xctest;
			};
			name = Debug;
		};
		08F991691809733B00F0B13A /* Release */ = {
			isa = XCBuildConfiguration;
			buildSettings = {
				ARCHS = "$(ARCHS_STANDARD_INCLUDING_64_BIT)";
				BUNDLE_LOADER = "$(BUILT_PRODUCTS_DIR)/burn-ios-app.app/burn-ios-app";
				FRAMEWORK_SEARCH_PATHS = (
					"$(SDKROOT)/Developer/Library/Frameworks",
					"$(inherited)",
					"$(DEVELOPER_FRAMEWORKS_DIR)",
				);
				GCC_PRECOMPILE_PREFIX_HEADER = YES;
				GCC_PREFIX_HEADER = "burn-ios-app/burn-ios-app-Prefix.pch";
				INFOPLIST_FILE = "burn-ios-appTests/burn-ios-appTests-Info.plist";
				PRODUCT_NAME = "$(TARGET_NAME)";
				TEST_HOST = "$(BUNDLE_LOADER)";
				WRAPPER_EXTENSION = xctest;
			};
			name = Release;
		};
/* End XCBuildConfiguration section */

/* Begin XCConfigurationList section */
		08F9912D1809733A00F0B13A /* Build configuration list for PBXProject "burn-ios-app" */ = {
			isa = XCConfigurationList;
			buildConfigurations = (
				08F991621809733B00F0B13A /* Debug */,
				08F991631809733B00F0B13A /* Release */,
			);
			defaultConfigurationIsVisible = 0;
			defaultConfigurationName = Release;
		};
		08F991641809733B00F0B13A /* Build configuration list for PBXNativeTarget "burn-ios-app" */ = {
			isa = XCConfigurationList;
			buildConfigurations = (
				08F991651809733B00F0B13A /* Debug */,
				08F991661809733B00F0B13A /* Release */,
			);
			defaultConfigurationIsVisible = 0;
			defaultConfigurationName = Release;
		};
		08F991671809733B00F0B13A /* Build configuration list for PBXNativeTarget "burn-ios-appTests" */ = {
			isa = XCConfigurationList;
			buildConfigurations = (
				08F991681809733B00F0B13A /* Debug */,
				08F991691809733B00F0B13A /* Release */,
			);
			defaultConfigurationIsVisible = 0;
			defaultConfigurationName = Release;
		};
/* End XCConfigurationList section */
	};
	rootObject = 08F9912A1809733A00F0B13A /* Project object */;
}
